
Microsoft Visual Studio Solution File, Format Version 12.00
# Visual Studio 2013
VisualStudioVersion = 12.0.21005.1
MinimumVisualStudioVersion = 10.0.40219.1
Project("{FAE04EC0-301F-11D3-BF4B-00C04F79EFBC}") = "Xprema.Base", "Xprema.Base\Xprema.Base.csproj", "{F56A7353-2E36-41F4-AB78-F2FBC7D759CD}"
EndProject
Project("{FAE04EC0-301F-11D3-BF4B-00C04F79EFBC}") = "XpremaProjectPro", "XpremaProjectPro\XpremaProjectPro.csproj", "{30CA211B-DE8D-4B3F-A309-C615BCC10E07}"
EndProject
Global
	GlobalSection(SolutionConfigurationPlatforms) = preSolution
		Debug|Any CPU = Debug|Any CPU
		Release|Any CPU = Release|Any CPU
	EndGlobalSection
	GlobalSection(ProjectConfigurationPlatforms) = postSolution
		{F56A7353-2E36-41F4-AB78-F2FBC7D759CD}.Debug|Any CPU.ActiveCfg = Debug|Any CPU
		{F56A7353-2E36-41F4-AB78-F2FBC7D759CD}.Debug|Any CPU.Build.0 = Debug|Any CPU
		{F56A7353-2E36-41F4-AB78-F2FBC7D759CD}.Release|Any CPU.ActiveCfg = Release|Any CPU
		{F56A7353-2E36-41F4-AB78-F2FBC7D759CD}.Release|Any CPU.Build.0 = Release|Any CPU
		{30CA211B-DE8D-4B3F-A309-C615BCC10E07}.Debug|Any CPU.ActiveCfg = Debug|Any CPU
		{30CA211B-DE8D-4B3F-A309-C615BCC10E07}.Debug|Any CPU.Build.0 = Debug|Any CPU
		{30CA211B-DE8D-4B3F-A309-C615BCC10E07}.Release|Any CPU.ActiveCfg = Release|Any CPU
		{30CA211B-DE8D-4B3F-A309-C615BCC10E07}.Release|Any CPU.Build.0 = Release|Any CPU
	EndGlobalSection
	GlobalSection(SolutionProperties) = preSolution
		HideSolutionNode = FALSE
	EndGlobalSection
EndGlobal
